
Microsoft Visual Studio Solution File, Format Version 12.00
# Visual Studio Version 16
VisualStudioVersion = 16.0.30413.136
MinimumVisualStudioVersion = 10.0.40219.1
Project("{FAE04EC0-301F-11D3-BF4B-00C04F79EFBC}") = "ITWork", "ITWork\ITWork.csproj", "{B454C3D2-8A4D-4B3E-AF4F-BC10722E875E}"
EndProject
Global
	GlobalSection(SolutionConfigurationPlatforms) = preSolution
		Debug|Any CPU = Debug|Any CPU
		Release|Any CPU = Release|Any CPU
	EndGlobalSection
	GlobalSection(ProjectConfigurationPlatforms) = postSolution
		{B454C3D2-8A4D-4B3E-AF4F-BC10722E875E}.Debug|Any CPU.ActiveCfg = Debug|Any CPU
		{B454C3D2-8A4D-4B3E-AF4F-BC10722E875E}.Debug|Any CPU.Build.0 = Debug|Any CPU
		{B454C3D2-8A4D-4B3E-AF4F-BC10722E875E}.Release|Any CPU.ActiveCfg = Release|Any CPU
		{B454C3D2-8A4D-4B3E-AF4F-BC10722E875E}.Release|Any CPU.Build.0 = Release|Any CPU
	EndGlobalSection
	GlobalSection(SolutionProperties) = preSolution
		HideSolutionNode = FALSE
	EndGlobalSection
	GlobalSection(ExtensibilityGlobals) = postSolution
		SolutionGuid = {446A8BE0-7B20-485F-A3CC-6BEFF8DB6A0F}
	EndGlobalSection
EndGlobal
